PODS:
  - GoogleWebRTC (1.1.29229)
  - WKWebViewRTC (0.4.1):
    - GoogleWebRTC (= 1.1.29229)

DEPENDENCIES:
  - WKWebViewRTC (from `../`)

SPEC REPOS:
  trunk:
    - GoogleWebRTC

EXTERNAL SOURCES:
  WKWebViewRTC:
    :path: "../"

SPEC CHECKSUMS:
  GoogleWebRTC: ffbf2dca3bdef0fbeebcff497e0a659bd69761c8
  WKWebViewRTC: 5b4285b7eecf4685de110a63b31629a35ecefe5c

PODFILE CHECKSUM: 35ea54b380a2c17b3219d165785c04af3f004efe

COCOAPODS: 1.8.4
